// !$*UTF8*$!
{
	archiveVersion = 1;
	classes = {
	};
	objectVersion = 77;
	objects = {

/* Begin PBXBuildFile section */
		DF4198D02EF8821C00469A19 /* AppGroup.swift in Sources */ = {isa = PBXBuildFile; fileRef = DF8392662EF84E5800258BF4 /* AppGroup.swift */; };
		DF60325B2EFC3929000F1A37 /* SharedStore.swift in Sources */ = {isa = PBXBuildFile; fileRef = DF60325A2EFC3929000F1A37 /* SharedStore.swift */; };
		DF60325C2EFC3929000F1A37 /* SharedStore.swift in Sources */ = {isa = PBXBuildFile; fileRef = DF60325A2EFC3929000F1A37 /* SharedStore.swift */; };
		DF60325D2EFC3929000F1A37 /* SharedStore.swift in Sources */ = {isa = PBXBuildFile; fileRef = DF60325A2EFC3929000F1A37 /* SharedStore.swift */; };
		DF83925D2EF8407B00258BF4 /* SpamKillerMessageFilter.appex in Embed Foundation Extensions */ = {isa = PBXBuildFile; fileRef = DF8392562EF8407B00258BF4 /* SpamKillerMessageFilter.appex */; settings = {ATTRIBUTES = (RemoveHeadersOnCopy, ); }; };
		DF8392672EF84E5800258BF4 /* AppGroup.swift in Sources */ = {isa = PBXBuildFile; fileRef = DF8392662EF84E5800258BF4 /* AppGroup.swift */; };
		DF83926A2EF84ED300258BF4 /* AppGroup.swift in Sources */ = {isa = PBXBuildFile; fileRef = DF8392662EF84E5800258BF4 /* AppGroup.swift */; };
/* End PBXBuildFile section */

/* Begin PBXContainerItemProxy section */
		DF83925B2EF8407B00258BF4 /* PBXContainerItemProxy */ = {
			isa = PBXContainerItemProxy;
			containerPortal = DF83923C2EF8404000258BF4 /* Project object */;
			proxyType = 1;
			remoteGlobalIDString = DF8392552EF8407B00258BF4;
			remoteInfo = SpamKillerMessageFilter;
		};
/* End PBXContainerItemProxy section */

/* Begin PBXCopyFilesBuildPhase section */
		DF8392622EF8407B00258BF4 /* Embed Foundation Extensions */ = {
			isa = PBXCopyFilesBuildPhase;
			buildActionMask = 2147483647;
			dstPath = "";
			dstSubfolderSpec = 13;
			files = (
				DF83925D2EF8407B00258BF4 /* SpamKillerMessageFilter.appex in Embed Foundation Extensions */,
			);
			name = "Embed Foundation Extensions";
			runOnlyForDeploymentPostprocessing = 0;
		};
/* End PBXCopyFilesBuildPhase section */

/* Begin PBXFileReference section */
		DF4198BC2EF87CB000469A19 /* SpamKillerTests.xctest */ = {isa = PBXFileReference; explicitFileType = wrapper.cfbundle; includeInIndex = 0; path = SpamKillerTests.xctest; sourceTree = BUILT_PRODUCTS_DIR; };
		DF60325A2EFC3929000F1A37 /* SharedStore.swift */ = {isa = PBXFileReference; lastKnownFileType = sourcecode.swift; path = SharedStore.swift; sourceTree = "<group>"; };
		DF8392442EF8404000258BF4 /* SpamKiller.app */ = {isa = PBXFileReference; explicitFileType = wrapper.application; includeInIndex = 0; path = SpamKiller.app; sourceTree = BUILT_PRODUCTS_DIR; };
		DF8392562EF8407B00258BF4 /* SpamKillerMessageFilter.appex */ = {isa = PBXFileReference; explicitFileType = "wrapper.app-extension"; includeInIndex = 0; path = SpamKillerMessageFilter.appex; sourceTree = BUILT_PRODUCTS_DIR; };
		DF8392662EF84E5800258BF4 /* AppGroup.swift */ = {isa = PBXFileReference; lastKnownFileType = sourcecode.swift; path = AppGroup.swift; sourceTree = "<group>"; };
/* End PBXFileReference section */

/* Begin PBXFileSystemSynchronizedBuildFileExceptionSet section */
		DF4198CE2EF8816600469A19 /* Exceptions for "SpamKillerMessageFilter" folder in "SpamKillerTests" target */ = {
			isa = PBXFileSystemSynchronizedBuildFileExceptionSet;
			membershipExceptions = (
				MessageFilterExtension.swift,
				MessageFilterExtensionSave.swift,
				SpamKitMLV1.mlpackage,
			);
			target = DF4198BB2EF87CB000469A19 /* SpamKillerTests */;
		};
		DF68C2752EFBE760006BDC9E /* Exceptions for "SpamKiller" folder in "SpamKiller" target */ = {
			isa = PBXFileSystemSynchronizedBuildFileExceptionSet;
			membershipExceptions = (
				Info.plist,
			);
			target = DF8392432EF8404000258BF4 /* SpamKiller */;
		};
		DF83925E2EF8407B00258BF4 /* Exceptions for "SpamKillerMessageFilter" folder in "SpamKillerMessageFilter" target */ = {
			isa = PBXFileSystemSynchronizedBuildFileExceptionSet;
			membershipExceptions = (
				Info.plist,
			);
			target = DF8392552EF8407B00258BF4 /* SpamKillerMessageFilter */;
		};
/* End PBXFileSystemSynchronizedBuildFileExceptionSet section */

/* Begin PBXFileSystemSynchronizedRootGroup section */
		DF4198BD2EF87CB000469A19 /* SpamKillerTests */ = {
			isa = PBXFileSystemSynchronizedRootGroup;
			path = SpamKillerTests;
			sourceTree = "<group>";
		};
		DF8392462EF8404000258BF4 /* SpamKiller */ = {
			isa = PBXFileSystemSynchronizedRootGroup;
			exceptions = (
				DF68C2752EFBE760006BDC9E /* Exceptions for "SpamKiller" folder in "SpamKiller" target */,
			);
			path = SpamKiller;
			sourceTree = "<group>";
		};
		DF8392572EF8407B00258BF4 /* SpamKillerMessageFilter */ = {
			isa = PBXFileSystemSynchronizedRootGroup;
			exceptions = (
				DF83925E2EF8407B00258BF4 /* Exceptions for "SpamKillerMessageFilter" folder in "SpamKillerMessageFilter" target */,
				DF4198CE2EF8816600469A19 /* Exceptions for "SpamKillerMessageFilter" folder in "SpamKillerTests" target */,
			);
			path = SpamKillerMessageFilter;
			sourceTree = "<group>";
		};
/* End PBXFileSystemSynchronizedRootGroup section */

/* Begin PBXFrameworksBuildPhase section */
		DF4198B92EF87CB000469A19 /* Frameworks */ = {
			isa = PBXFrameworksBuildPhase;
			buildActionMask = 2147483647;
			files = (
			);
			runOnlyForDeploymentPostprocessing = 0;
		};
		DF8392412EF8404000258BF4 /* Frameworks */ = {
			isa = PBXFrameworksBuildPhase;
			buildActionMask = 2147483647;
			files = (
			);
			runOnlyForDeploymentPostprocessing = 0;
		};
		DF8392532EF8407B00258BF4 /* Frameworks */ = {
			isa = PBXFrameworksBuildPhase;
			buildActionMask = 2147483647;
			files = (
			);
			runOnlyForDeploymentPostprocessing = 0;
		};
/* End PBXFrameworksBuildPhase section */

/* Begin PBXGroup section */
		DF83923B2EF8404000258BF4 = {
			isa = PBXGroup;
			children = (
				DF8392652EF84E4800258BF4 /* Shared */,
				DF8392462EF8404000258BF4 /* SpamKiller */,
				DF8392572EF8407B00258BF4 /* SpamKillerMessageFilter */,
				DF4198BD2EF87CB000469A19 /* SpamKillerTests */,
				DF8392452EF8404000258BF4 /* Products */,
			);
			sourceTree = "<group>";
		};
		DF8392452EF8404000258BF4 /* Products */ = {
			isa = PBXGroup;
			children = (
				DF8392442EF8404000258BF4 /* SpamKiller.app */,
				DF8392562EF8407B00258BF4 /* SpamKillerMessageFilter.appex */,
				DF4198BC2EF87CB000469A19 /* SpamKillerTests.xctest */,
			);
			name = Products;
			sourceTree = "<group>";
		};
		DF8392652EF84E4800258BF4 /* Shared */ = {
			isa = PBXGroup;
			children = (
				DF8392662EF84E5800258BF4 /* AppGroup.swift */,
				DF60325A2EFC3929000F1A37 /* SharedStore.swift */,
			);
			path = Shared;
			sourceTree = "<group>";
		};
/* End PBXGroup section */

/* Begin PBXNativeTarget section */
		DF4198BB2EF87CB000469A19 /* SpamKillerTests */ = {
			isa = PBXNativeTarget;
			buildConfigurationList = DF4198C22EF87CB000469A19 /* Build configuration list for PBXNativeTarget "SpamKillerTests" */;
			buildPhases = (
				DF4198B82EF87CB000469A19 /* Sources */,
				DF4198B92EF87CB000469A19 /* Frameworks */,
				DF4198BA2EF87CB000469A19 /* Resources */,
			);
			buildRules = (
			);
			dependencies = (
			);
			fileSystemSynchronizedGroups = (
				DF4198BD2EF87CB000469A19 /* SpamKillerTests */,
			);
			name = SpamKillerTests;
			packageProductDependencies = (
			);
			productName = SpamKillerTests;
			productReference = DF4198BC2EF87CB000469A19 /* SpamKillerTests.xctest */;
			productType = "com.apple.product-type.bundle.unit-test";
		};
		DF8392432EF8404000258BF4 /* SpamKiller */ = {
			isa = PBXNativeTarget;
			buildConfigurationList = DF83924F2EF8404100258BF4 /* Build configuration list for PBXNativeTarget "SpamKiller" */;
			buildPhases = (
				DF8392402EF8404000258BF4 /* Sources */,
				DF8392412EF8404000258BF4 /* Frameworks */,
				DF8392422EF8404000258BF4 /* Resources */,
				DF8392622EF8407B00258BF4 /* Embed Foundation Extensions */,
			);
			buildRules = (
			);
			dependencies = (
				DF83925C2EF8407B00258BF4 /* PBXTargetDependency */,
			);
			fileSystemSynchronizedGroups = (
				DF8392462EF8404000258BF4 /* SpamKiller */,
			);
			name = SpamKiller;
			packageProductDependencies = (
			);
			productName = SpamKiller;
			productReference = DF8392442EF8404000258BF4 /* SpamKiller.app */;
			productType = "com.apple.product-type.application";
		};
		DF8392552EF8407B00258BF4 /* SpamKillerMessageFilter */ = {
			isa = PBXNativeTarget;
			buildConfigurationList = DF83925F2EF8407B00258BF4 /* Build configuration list for PBXNativeTarget "SpamKillerMessageFilter" */;
			buildPhases = (
				DF8392522EF8407B00258BF4 /* Sources */,
				DF8392532EF8407B00258BF4 /* Frameworks */,
				DF8392542EF8407B00258BF4 /* Resources */,
			);
			buildRules = (
			);
			dependencies = (
			);
			fileSystemSynchronizedGroups = (
				DF8392572EF8407B00258BF4 /* SpamKillerMessageFilter */,
			);
			name = SpamKillerMessageFilter;
			packageProductDependencies = (
			);
			productName = SpamKillerMessageFilter;
			productReference = DF8392562EF8407B00258BF4 /* SpamKillerMessageFilter.appex */;
			productType = "com.apple.product-type.app-extension";
		};
/* End PBXNativeTarget section */

/* Begin PBXProject section */
		DF83923C2EF8404000258BF4 /* Project object */ = {
			isa = PBXProject;
			attributes = {
				BuildIndependentTargetsInParallel = 1;
				LastSwiftUpdateCheck = 1640;
				LastUpgradeCheck = 1640;
				TargetAttributes = {
					DF4198BB2EF87CB000469A19 = {
						CreatedOnToolsVersion = 16.4;
					};
					DF8392432EF8404000258BF4 = {
						CreatedOnToolsVersion = 16.4;
					};
					DF8392552EF8407B00258BF4 = {
						CreatedOnToolsVersion = 16.4;
					};
				};
			};
			buildConfigurationList = DF83923F2EF8404000258BF4 /* Build configuration list for PBXProject "SpamKiller" */;
			developmentRegion = en;
			hasScannedForEncodings = 0;
			knownRegions = (
				en,
				Base,
			);
			mainGroup = DF83923B2EF8404000258BF4;
			minimizedProjectReferenceProxies = 1;
			preferredProjectObjectVersion = 77;
			productRefGroup = DF8392452EF8404000258BF4 /* Products */;
			projectDirPath = "";
			projectRoot = "";
			targets = (
				DF8392432EF8404000258BF4 /* SpamKiller */,
				DF8392552EF8407B00258BF4 /* SpamKillerMessageFilter */,
				DF4198BB2EF87CB000469A19 /* SpamKillerTests */,
			);
		};
/* End PBXProject section */

/* Begin PBXResourcesBuildPhase section */
		DF4198BA2EF87CB000469A19 /* Resources */ = {
			isa = PBXResourcesBuildPhase;
			buildActionMask = 2147483647;
			files = (
			);
			runOnlyForDeploymentPostprocessing = 0;
		};
		DF8392422EF8404000258BF4 /* Resources */ = {
			isa = PBXResourcesBuildPhase;
			buildActionMask = 2147483647;
			files = (
			);
			runOnlyForDeploymentPostprocessing = 0;
		};
		DF8392542EF8407B00258BF4 /* Resources */ = {
			isa = PBXResourcesBuildPhase;
			buildActionMask = 2147483647;
			files = (
			);
			runOnlyForDeploymentPostprocessing = 0;
		};
/* End PBXResourcesBuildPhase section */

/* Begin PBXSourcesBuildPhase section */
		DF4198B82EF87CB000469A19 /* Sources */ = {
			isa = PBXSourcesBuildPhase;
			buildActionMask = 2147483647;
			files = (
				DF60325C2EFC3929000F1A37 /* SharedStore.swift in Sources */,
				DF4198D02EF8821C00469A19 /* AppGroup.swift in Sources */,
			);
			runOnlyForDeploymentPostprocessing = 0;
		};
		DF8392402EF8404000258BF4 /* Sources */ = {
			isa = PBXSourcesBuildPhase;
			buildActionMask = 2147483647;
			files = (
				DF8392672EF84E5800258BF4 /* AppGroup.swift in Sources */,
				DF60325D2EFC3929000F1A37 /* SharedStore.swift in Sources */,
			);
			runOnlyForDeploymentPostprocessing = 0;
		};
		DF8392522EF8407B00258BF4 /* Sources */ = {
			isa = PBXSourcesBuildPhase;
			buildActionMask = 2147483647;
			files = (
				DF60325B2EFC3929000F1A37 /* SharedStore.swift in Sources */,
				DF83926A2EF84ED300258BF4 /* AppGroup.swift in Sources */,
			);
			runOnlyForDeploymentPostprocessing = 0;
		};
/* End PBXSourcesBuildPhase section */

/* Begin PBXTargetDependency section */
		DF83925C2EF8407B00258BF4 /* PBXTargetDependency */ = {
			isa = PBXTargetDependency;
			target = DF8392552EF8407B00258BF4 /* SpamKillerMessageFilter */;
			targetProxy = DF83925B2EF8407B00258BF4 /* PBXContainerItemProxy */;
		};
/* End PBXTargetDependency section */

/* Begin XCBuildConfiguration section */
		DF4198C02EF87CB000469A19 /* Debug */ = {
			isa = XCBuildConfiguration;
			buildSettings = {
				CODE_SIGN_STYLE = Automatic;
				CURRENT_PROJECT_VERSION = 1;
				DEVELOPMENT_TEAM = LGX4B4WC66;
				GENERATE_INFOPLIST_FILE = YES;
				MARKETING_VERSION = 1.0;
				PRODUCT_BUNDLE_IDENTIFIER = com.indextrown.SpamKillerTests;
				PRODUCT_NAME = "$(TARGET_NAME)";
				SWIFT_EMIT_LOC_STRINGS = NO;
				SWIFT_VERSION = 5.0;
				TARGETED_DEVICE_FAMILY = "1,2";
			};
			name = Debug;
		};
		DF4198C12EF87CB000469A19 /* Release */ = {
			isa = XCBuildConfiguration;
			buildSettings = {
				CODE_SIGN_STYLE = Automatic;
				CURRENT_PROJECT_VERSION = 1;
				DEVELOPMENT_TEAM = LGX4B4WC66;
				GENERATE_INFOPLIST_FILE = YES;
				MARKETING_VERSION = 1.0;
				PRODUCT_BUNDLE_IDENTIFIER = com.indextrown.SpamKillerTests;
				PRODUCT_NAME = "$(TARGET_NAME)";
				SWIFT_EMIT_LOC_STRINGS = NO;
				SWIFT_VERSION = 5.0;
				TARGETED_DEVICE_FAMILY = "1,2";
			};
			name = Release;
		};
		DF83924D2EF8404100258BF4 /* Debug */ = {
			isa = XCBuildConfiguration;
			buildSettings = {
				ALWAYS_SEARCH_USER_PATHS = NO;
				ASSETCATALOG_COMPILER_GENERATE_SWIFT_ASSET_SYMBOL_EXTENSIONS = YES;
				CLANG_ANALYZER_NONNULL = YES;
				CLANG_ANALYZER_NUMBER_OBJECT_CONVERSION = YES_AGGRESSIVE;
				CLANG_CXX_LANGUAGE_STANDARD = "gnu++20";
				CLANG_ENABLE_MODULES = YES;
				CLANG_ENABLE_OBJC_ARC = YES;
				CLANG_ENABLE_OBJC_WEAK = YES;
				CLANG_WARN_BLOCK_CAPTURE_AUTORELEASING = YES;
				CLANG_WARN_BOOL_CONVERSION = YES;
				CLANG_WARN_COMMA = YES;
				CLANG_WARN_CONSTANT_CONVERSION = YES;
				CLANG_WARN_DEPRECATED_OBJC_IMPLEMENTATIONS = YES;
				CLANG_WARN_DIRECT_OBJC_ISA_USAGE = YES_ERROR;
				CLANG_WARN_DOCUMENTATION_COMMENTS = YES;
				CLANG_WARN_EMPTY_BODY = YES;
				CLANG_WARN_ENUM_CONVERSION = YES;
				CLANG_WARN_INFINITE_RECURSION = YES;
				CLANG_WARN_INT_CONVERSION = YES;
				CLANG_WARN_NON_LITERAL_NULL_CONVERSION = YES;
				CLANG_WARN_OBJC_IMPLICIT_RETAIN_SELF = YES;
				CLANG_WARN_OBJC_LITERAL_CONVERSION = YES;
				CLANG_WARN_OBJC_ROOT_CLASS = YES_ERROR;
				CLANG_WARN_QUOTED_INCLUDE_IN_FRAMEWORK_HEADER = YES;
				CLANG_WARN_RANGE_LOOP_ANALYSIS = YES;
				CLANG_WARN_STRICT_PROTOTYPES = YES;
				CLANG_WARN_SUSPICIOUS_MOVE = YES;
				CLANG_WARN_UNGUARDED_AVAILABILITY = YES_AGGRESSIVE;
				CLANG_WARN_UNREACHABLE_CODE = YES;
				CLANG_WARN__DUPLICATE_METHOD_MATCH = YES;
				COPY_PHASE_STRIP = NO;
				DEBUG_INFORMATION_FORMAT = dwarf;
				DEVELOPMENT_TEAM = LGX4B4WC66;
				ENABLE_STRICT_OBJC_MSGSEND = YES;
				ENABLE_TESTABILITY = YES;
				ENABLE_USER_SCRIPT_SANDBOXING = YES;
				GCC_C_LANGUAGE_STANDARD = gnu17;
				GCC_DYNAMIC_NO_PIC = NO;
				GCC_NO_COMMON_BLOCKS = YES;
				GCC_OPTIMIZATION_LEVEL = 0;
				GCC_PREPROCESSOR_DEFINITIONS = (
					"DEBUG=1",
					"$(inherited)",
				);
				GCC_WARN_64_TO_32_BIT_CONVERSION = YES;
				GCC_WARN_ABOUT_RETURN_TYPE = YES_ERROR;
				GCC_WARN_UNDECLARED_SELECTOR = YES;
				GCC_WARN_UNINITIALIZED_AUTOS = YES_AGGRESSIVE;
				GCC_WARN_UNUSED_FUNCTION = YES;
				GCC_WARN_UNUSED_VARIABLE = YES;
				IPHONEOS_DEPLOYMENT_TARGET = 18.5;
				LOCALIZATION_PREFERS_STRING_CATALOGS = YES;
				MTL_ENABLE_DEBUG_INFO = INCLUDE_SOURCE;
				MTL_FAST_MATH = YES;
				ONLY_ACTIVE_ARCH = YES;
				SDKROOT = iphoneos;
				SWIFT_ACTIVE_COMPILATION_CONDITIONS = "DEBUG $(inherited)";
				SWIFT_OPTIMIZATION_LEVEL = "-Onone";
			};
			name = Debug;
		};
		DF83924E2EF8404100258BF4 /* Release */ = {
			isa = XCBuildConfiguration;
			buildSettings = {
				ALWAYS_SEARCH_USER_PATHS = NO;
				ASSETCATALOG_COMPILER_GENERATE_SWIFT_ASSET_SYMBOL_EXTENSIONS = YES;
				CLANG_ANALYZER_NONNULL = YES;
				CLANG_ANALYZER_NUMBER_OBJECT_CONVERSION = YES_AGGRESSIVE;
				CLANG_CXX_LANGUAGE_STANDARD = "gnu++20";
				CLANG_ENABLE_MODULES = YES;
				CLANG_ENABLE_OBJC_ARC = YES;
				CLANG_ENABLE_OBJC_WEAK = YES;
				CLANG_WARN_BLOCK_CAPTURE_AUTORELEASING = YES;
				CLANG_WARN_BOOL_CONVERSION = YES;
				CLANG_WARN_COMMA = YES;
				CLANG_WARN_CONSTANT_CONVERSION = YES;
				CLANG_WARN_DEPRECATED_OBJC_IMPLEMENTATIONS = YES;
				CLANG_WARN_DIRECT_OBJC_ISA_USAGE = YES_ERROR;
				CLANG_WARN_DOCUMENTATION_COMMENTS = YES;
				CLANG_WARN_EMPTY_BODY = YES;
				CLANG_WARN_ENUM_CONVERSION = YES;
				CLANG_WARN_INFINITE_RECURSION = YES;
				CLANG_WARN_INT_CONVERSION = YES;
				CLANG_WARN_NON_LITERAL_NULL_CONVERSION = YES;
				CLANG_WARN_OBJC_IMPLICIT_RETAIN_SELF = YES;
				CLANG_WARN_OBJC_LITERAL_CONVERSION = YES;
				CLANG_WARN_OBJC_ROOT_CLASS = YES_ERROR;
				CLANG_WARN_QUOTED_INCLUDE_IN_FRAMEWORK_HEADER = YES;
				CLANG_WARN_RANGE_LOOP_ANALYSIS = YES;
				CLANG_WARN_STRICT_PROTOTYPES = YES;
				CLANG_WARN_SUSPICIOUS_MOVE = YES;
				CLANG_WARN_UNGUARDED_AVAILABILITY = YES_AGGRESSIVE;
				CLANG_WARN_UNREACHABLE_CODE = YES;
				CLANG_WARN__DUPLICATE_METHOD_MATCH = YES;
				COPY_PHASE_STRIP = NO;
				DEBUG_INFORMATION_FORMAT = "dwarf-with-dsym";
				DEVELOPMENT_TEAM = LGX4B4WC66;
				ENABLE_NS_ASSERTIONS = NO;
				ENABLE_STRICT_OBJC_MSGSEND = YES;
				ENABLE_USER_SCRIPT_SANDBOXING = YES;
				GCC_C_LANGUAGE_STANDARD = gnu17;
				GCC_NO_COMMON_BLOCKS = YES;
				GCC_WARN_64_TO_32_BIT_CONVERSION = YES;
				GCC_WARN_ABOUT_RETURN_TYPE = YES_ERROR;
				GCC_WARN_UNDECLARED_SELECTOR = YES;
				GCC_WARN_UNINITIALIZED_AUTOS = YES_AGGRESSIVE;
				GCC_WARN_UNUSED_FUNCTION = YES;
				GCC_WARN_UNUSED_VARIABLE = YES;
				IPHONEOS_DEPLOYMENT_TARGET = 18.5;
				LOCALIZATION_PREFERS_STRING_CATALOGS = YES;
				MTL_ENABLE_DEBUG_INFO = NO;
				MTL_FAST_MATH = YES;
				SDKROOT = iphoneos;
				SWIFT_COMPILATION_MODE = wholemodule;
				VALIDATE_PRODUCT = YES;
			};
			name = Release;
		};
		DF8392502EF8404100258BF4 /* Debug */ = {
			isa = XCBuildConfiguration;
			buildSettings = {
				ASSETCATALOG_COMPILER_APPICON_NAME = AppIcon;
				ASSETCATALOG_COMPILER_GLOBAL_ACCENT_COLOR_NAME = AccentColor;
				CODE_SIGN_ENTITLEMENTS = SpamKiller/SpamKiller.entitlements;
				CODE_SIGN_STYLE = Automatic;
				CURRENT_PROJECT_VERSION = 1;
				DEVELOPMENT_TEAM = LGX4B4WC66;
				ENABLE_PREVIEWS = YES;
				GENERATE_INFOPLIST_FILE = YES;
				INFOPLIST_FILE = SpamKiller/Info.plist;
				INFOPLIST_KEY_UIApplicationSceneManifest_Generation = YES;
				INFOPLIST_KEY_UIApplicationSupportsIndirectInputEvents = YES;
				INFOPLIST_KEY_UILaunchScreen_Generation = YES;
				INFOPLIST_KEY_UISupportedInterfaceOrientations = UIInterfaceOrientationPortrait;
				INFOPLIST_KEY_UISupportedInterfaceOrientations_iPad = "UIInterfaceOrientationLandscapeLeft UIInterfaceOrientationLandscapeRight UIInterfaceOrientationPortrait UIInterfaceOrientationPortraitUpsideDown";
				IPHONEOS_DEPLOYMENT_TARGET = 17.0;
				LD_RUNPATH_SEARCH_PATHS = (
					"$(inherited)",
					"@executable_path/Frameworks",
				);
				MARKETING_VERSION = 1.0;
				PRODUCT_BUNDLE_IDENTIFIER = com.indextrown.SpamKiller;
				PRODUCT_NAME = "$(TARGET_NAME)";
				SUPPORTED_PLATFORMS = "iphoneos iphonesimulator";
				SUPPORTS_MACCATALYST = NO;
				SUPPORTS_MAC_DESIGNED_FOR_IPHONE_IPAD = NO;
				SUPPORTS_XR_DESIGNED_FOR_IPHONE_IPAD = NO;
				SWIFT_EMIT_LOC_STRINGS = YES;
				SWIFT_VERSION = 5.0;
				TARGETED_DEVICE_FAMILY = 1;
			};
			name = Debug;
		};
		DF8392512EF8404100258BF4 /* Release */ = {
			isa = XCBuildConfiguration;
			buildSettings = {
				ASSETCATALOG_COMPILER_APPICON_NAME = AppIcon;
				ASSETCATALOG_COMPILER_GLOBAL_ACCENT_COLOR_NAME = AccentColor;
				CODE_SIGN_ENTITLEMENTS = SpamKiller/SpamKiller.entitlements;
				CODE_SIGN_STYLE = Automatic;
				CURRENT_PROJECT_VERSION = 1;
				DEVELOPMENT_TEAM = LGX4B4WC66;
				ENABLE_PREVIEWS = YES;
				GENERATE_INFOPLIST_FILE = YES;
				INFOPLIST_FILE = SpamKiller/Info.plist;
				INFOPLIST_KEY_UIApplicationSceneManifest_Generation = YES;
				INFOPLIST_KEY_UIApplicationSupportsIndirectInputEvents = YES;
				INFOPLIST_KEY_UILaunchScreen_Generation = YES;
				INFOPLIST_KEY_UISupportedInterfaceOrientations = UIInterfaceOrientationPortrait;
				INFOPLIST_KEY_UISupportedInterfaceOrientations_iPad = "UIInterfaceOrientationLandscapeLeft UIInterfaceOrientationLandscapeRight UIInterfaceOrientationPortrait UIInterfaceOrientationPortraitUpsideDown";
				IPHONEOS_DEPLOYMENT_TARGET = 17.0;
				LD_RUNPATH_SEARCH_PATHS = (
					"$(inherited)",
					"@executable_path/Frameworks",
				);
				MARKETING_VERSION = 1.0;
				PRODUCT_BUNDLE_IDENTIFIER = com.indextrown.SpamKiller;
				PRODUCT_NAME = "$(TARGET_NAME)";
				SUPPORTED_PLATFORMS = "iphoneos iphonesimulator";
				SUPPORTS_MACCATALYST = NO;
				SUPPORTS_MAC_DESIGNED_FOR_IPHONE_IPAD = NO;
				SUPPORTS_XR_DESIGNED_FOR_IPHONE_IPAD = NO;
				SWIFT_EMIT_LOC_STRINGS = YES;
				SWIFT_VERSION = 5.0;
				TARGETED_DEVICE_FAMILY = 1;
			};
			name = Release;
		};
		DF8392602EF8407B00258BF4 /* Debug */ = {
			isa = XCBuildConfiguration;
			buildSettings = {
				CODE_SIGN_ENTITLEMENTS = SpamKillerMessageFilter/SpamKillerMessageFilter.entitlements;
				CODE_SIGN_STYLE = Automatic;
				CURRENT_PROJECT_VERSION = 1;
				DEVELOPMENT_TEAM = LGX4B4WC66;
				GENERATE_INFOPLIST_FILE = YES;
				INFOPLIST_FILE = SpamKillerMessageFilter/Info.plist;
				INFOPLIST_KEY_CFBundleDisplayName = SpamKillerMessageFilter;
				INFOPLIST_KEY_NSHumanReadableCopyright = "";
				IPHONEOS_DEPLOYMENT_TARGET = 17.0;
				LD_RUNPATH_SEARCH_PATHS = (
					"$(inherited)",
					"@executable_path/Frameworks",
					"@executable_path/../../Frameworks",
				);
				MARKETING_VERSION = 1.0;
				PRODUCT_BUNDLE_IDENTIFIER = com.indextrown.SpamKiller.SpamKillerMessageFilter;
				PRODUCT_NAME = "$(TARGET_NAME)";
				SKIP_INSTALL = YES;
				SUPPORTED_PLATFORMS = "iphoneos iphonesimulator";
				SUPPORTS_MACCATALYST = NO;
				SUPPORTS_MAC_DESIGNED_FOR_IPHONE_IPAD = NO;
				SUPPORTS_XR_DESIGNED_FOR_IPHONE_IPAD = NO;
				SWIFT_EMIT_LOC_STRINGS = YES;
				SWIFT_VERSION = 5.0;
				TARGETED_DEVICE_FAMILY = 1;
			};
			name = Debug;
		};
		DF8392612EF8407B00258BF4 /* Release */ = {
			isa = XCBuildConfiguration;
			buildSettings = {
				CODE_SIGN_ENTITLEMENTS = SpamKillerMessageFilter/SpamKillerMessageFilter.entitlements;
				CODE_SIGN_STYLE = Automatic;
				CURRENT_PROJECT_VERSION = 1;
				DEVELOPMENT_TEAM = LGX4B4WC66;
				GENERATE_INFOPLIST_FILE = YES;
				INFOPLIST_FILE = SpamKillerMessageFilter/Info.plist;
				INFOPLIST_KEY_CFBundleDisplayName = SpamKillerMessageFilter;
				INFOPLIST_KEY_NSHumanReadableCopyright = "";
				IPHONEOS_DEPLOYMENT_TARGET = 17.0;
				LD_RUNPATH_SEARCH_PATHS = (
					"$(inherited)",
					"@executable_path/Frameworks",
					"@executable_path/../../Frameworks",
				);
				MARKETING_VERSION = 1.0;
				PRODUCT_BUNDLE_IDENTIFIER = com.indextrown.SpamKiller.SpamKillerMessageFilter;
				PRODUCT_NAME = "$(TARGET_NAME)";
				SKIP_INSTALL = YES;
				SUPPORTED_PLATFORMS = "iphoneos iphonesimulator";
				SUPPORTS_MACCATALYST = NO;
				SUPPORTS_MAC_DESIGNED_FOR_IPHONE_IPAD = NO;
				SUPPORTS_XR_DESIGNED_FOR_IPHONE_IPAD = NO;
				SWIFT_EMIT_LOC_STRINGS = YES;
				SWIFT_VERSION = 5.0;
				TARGETED_DEVICE_FAMILY = 1;
			};
			name = Release;
		};
/* End XCBuildConfiguration section */

/* Begin XCConfigurationList section */
		DF4198C22EF87CB000469A19 /* Build configuration list for PBXNativeTarget "SpamKillerTests" */ = {
			isa = XCConfigurationList;
			buildConfigurations = (
				DF4198C02EF87CB000469A19 /* Debug */,
				DF4198C12EF87CB000469A19 /* Release */,
			);
			defaultConfigurationIsVisible = 0;
			defaultConfigurationName = Release;
		};
		DF83923F2EF8404000258BF4 /* Build configuration list for PBXProject "SpamKiller" */ = {
			isa = XCConfigurationList;
			buildConfigurations = (
				DF83924D2EF8404100258BF4 /* Debug */,
				DF83924E2EF8404100258BF4 /* Release */,
			);
			defaultConfigurationIsVisible = 0;
			defaultConfigurationName = Release;
		};
		DF83924F2EF8404100258BF4 /* Build configuration list for PBXNativeTarget "SpamKiller" */ = {
			isa = XCConfigurationList;
			buildConfigurations = (
				DF8392502EF8404100258BF4 /* Debug */,
				DF8392512EF8404100258BF4 /* Release */,
			);
			defaultConfigurationIsVisible = 0;
			defaultConfigurationName = Release;
		};
		DF83925F2EF8407B00258BF4 /* Build configuration list for PBXNativeTarget "SpamKillerMessageFilter" */ = {
			isa = XCConfigurationList;
			buildConfigurations = (
				DF8392602EF8407B00258BF4 /* Debug */,
				DF8392612EF8407B00258BF4 /* Release */,
			);
			defaultConfigurationIsVisible = 0;
			defaultConfigurationName = Release;
		};
/* End XCConfigurationList section */
	};
	rootObject = DF83923C2EF8404000258BF4 /* Project object */;
}
